
Microsoft Visual Studio Solution File, Format Version 12.00
# Visual Studio 15
VisualStudioVersion = 15.0.28307.757
MinimumVisualStudioVersion = 10.0.40219.1
Project("{9A19103F-16F7-4668-BE54-9A1E7A4F7556}") = "OopDescriptions", "OopDescriptions\OopDescriptions.csproj", "{748DD442-46A0-4B46-8AB0-0787F822C90B}"
EndProject
Project("{2150E333-8FDC-42A3-9474-1A3956D46DE8}") = "OOP", "OOP", "{2A8A13D8-4739-4C00-837C-F9B65413A26A}"
EndProject
Project("{9A19103F-16F7-4668-BE54-9A1E7A4F7556}") = "Polymorphism", "Polymorphism\Polymorphism.csproj", "{4921516A-FFF5-4474-B4BD-6ECDDC77893D}"
EndProject
Project("{9A19103F-16F7-4668-BE54-9A1E7A4F7556}") = "Inheritance", "Inheritance\Inheritance.csproj", "{5D10C723-1C66-40A7-A258-EA6B4C169AA0}"
EndProject
Project("{9A19103F-16F7-4668-BE54-9A1E7A4F7556}") = "Encapsulation", "Encapsulation\Encapsulation.csproj", "{51441B75-C7DD-418B-8AFE-2E063106E93E}"
EndProject
Project("{9A19103F-16F7-4668-BE54-9A1E7A4F7556}") = "Abstraction", "Abstraction\Abstraction.csproj", "{E5536328-5DFD-41E9-9A69-132AF66FE550}"
EndProject
Project("{2150E333-8FDC-42A3-9474-1A3956D46DE8}") = "AccessModifiers", "AccessModifiers", "{C7D73A04-7EAF-4EC4-B7ED-11D433FD9B31}"
EndProject
Project("{9A19103F-16F7-4668-BE54-9A1E7A4F7556}") = "AccessModifier", "AccessModifier\AccessModifier.csproj", "{CD397226-2DCA-4D52-B7A9-08204EE037F7}"
EndProject
Project("{2150E333-8FDC-42A3-9474-1A3956D46DE8}") = "Rabbit", "Rabbit", "{43FCDD10-3DEA-4F76-8C36-749ABCAEC4A6}"
EndProject
Project("{FAE04EC0-301F-11D3-BF4B-00C04F79EFBC}") = "RabbitMq", "RabbitMq\RabbitMq.csproj", "{C98F511A-0782-4C23-8677-B48A009D7E8F}"
EndProject
Project("{FAE04EC0-301F-11D3-BF4B-00C04F79EFBC}") = "RabbitMqClient", "RabbitMqClient\RabbitMqClient.csproj", "{A1C95853-53E4-42AE-B435-2483A52E1DA0}"
EndProject
Project("{2150E333-8FDC-42A3-9474-1A3956D46DE8}") = "EFCore", "EFCore", "{5AF06691-1623-4DD7-A911-0EA0C279CAC6}"
EndProject
Project("{FAE04EC0-301F-11D3-BF4B-00C04F79EFBC}") = "EFCore.Web", "EFCore.Web\EFCore.Web.csproj", "{7FB87A7B-D847-4D48-BE8A-28CB59DF0964}"
EndProject
Project("{FAE04EC0-301F-11D3-BF4B-00C04F79EFBC}") = "EFCore.DAL", "EFCore.DAL\EFCore.DAL.csproj", "{DDE40E59-49F4-40E4-93DF-4DAC8A03A38E}"
EndProject
Global
	GlobalSection(SolutionConfigurationPlatforms) = preSolution
		Debug|Any CPU = Debug|Any CPU
		Release|Any CPU = Release|Any CPU
	EndGlobalSection
	GlobalSection(ProjectConfigurationPlatforms) = postSolution
		{748DD442-46A0-4B46-8AB0-0787F822C90B}.Debug|Any CPU.ActiveCfg = Debug|Any CPU
		{748DD442-46A0-4B46-8AB0-0787F822C90B}.Debug|Any CPU.Build.0 = Debug|Any CPU
		{748DD442-46A0-4B46-8AB0-0787F822C90B}.Release|Any CPU.ActiveCfg = Release|Any CPU
		{748DD442-46A0-4B46-8AB0-0787F822C90B}.Release|Any CPU.Build.0 = Release|Any CPU
		{4921516A-FFF5-4474-B4BD-6ECDDC77893D}.Debug|Any CPU.ActiveCfg = Debug|Any CPU
		{4921516A-FFF5-4474-B4BD-6ECDDC77893D}.Debug|Any CPU.Build.0 = Debug|Any CPU
		{4921516A-FFF5-4474-B4BD-6ECDDC77893D}.Release|Any CPU.ActiveCfg = Release|Any CPU
		{4921516A-FFF5-4474-B4BD-6ECDDC77893D}.Release|Any CPU.Build.0 = Release|Any CPU
		{5D10C723-1C66-40A7-A258-EA6B4C169AA0}.Debug|Any CPU.ActiveCfg = Debug|Any CPU
		{5D10C723-1C66-40A7-A258-EA6B4C169AA0}.Debug|Any CPU.Build.0 = Debug|Any CPU
		{5D10C723-1C66-40A7-A258-EA6B4C169AA0}.Release|Any CPU.ActiveCfg = Release|Any CPU
		{5D10C723-1C66-40A7-A258-EA6B4C169AA0}.Release|Any CPU.Build.0 = Release|Any CPU
		{51441B75-C7DD-418B-8AFE-2E063106E93E}.Debug|Any CPU.ActiveCfg = Debug|Any CPU
		{51441B75-C7DD-418B-8AFE-2E063106E93E}.Debug|Any CPU.Build.0 = Debug|Any CPU
		{51441B75-C7DD-418B-8AFE-2E063106E93E}.Release|Any CPU.ActiveCfg = Release|Any CPU
		{51441B75-C7DD-418B-8AFE-2E063106E93E}.Release|Any CPU.Build.0 = Release|Any CPU
		{E5536328-5DFD-41E9-9A69-132AF66FE550}.Debug|Any CPU.ActiveCfg = Debug|Any CPU
		{E5536328-5DFD-41E9-9A69-132AF66FE550}.Debug|Any CPU.Build.0 = Debug|Any CPU
		{E5536328-5DFD-41E9-9A69-132AF66FE550}.Release|Any CPU.ActiveCfg = Release|Any CPU
		{E5536328-5DFD-41E9-9A69-132AF66FE550}.Release|Any CPU.Build.0 = Release|Any CPU
		{CD397226-2DCA-4D52-B7A9-08204EE037F7}.Debug|Any CPU.ActiveCfg = Debug|Any CPU
		{CD397226-2DCA-4D52-B7A9-08204EE037F7}.Debug|Any CPU.Build.0 = Debug|Any CPU
		{CD397226-2DCA-4D52-B7A9-08204EE037F7}.Release|Any CPU.ActiveCfg = Release|Any CPU
		{CD397226-2DCA-4D52-B7A9-08204EE037F7}.Release|Any CPU.Build.0 = Release|Any CPU
		{C98F511A-0782-4C23-8677-B48A009D7E8F}.Debug|Any CPU.ActiveCfg = Debug|Any CPU
		{C98F511A-0782-4C23-8677-B48A009D7E8F}.Debug|Any CPU.Build.0 = Debug|Any CPU
		{C98F511A-0782-4C23-8677-B48A009D7E8F}.Release|Any CPU.ActiveCfg = Release|Any CPU
		{C98F511A-0782-4C23-8677-B48A009D7E8F}.Release|Any CPU.Build.0 = Release|Any CPU
		{A1C95853-53E4-42AE-B435-2483A52E1DA0}.Debug|Any CPU.ActiveCfg = Debug|Any CPU
		{A1C95853-53E4-42AE-B435-2483A52E1DA0}.Debug|Any CPU.Build.0 = Debug|Any CPU
		{A1C95853-53E4-42AE-B435-2483A52E1DA0}.Release|Any CPU.ActiveCfg = Release|Any CPU
		{A1C95853-53E4-42AE-B435-2483A52E1DA0}.Release|Any CPU.Build.0 = Release|Any CPU
		{7FB87A7B-D847-4D48-BE8A-28CB59DF0964}.Debug|Any CPU.ActiveCfg = Debug|Any CPU
		{7FB87A7B-D847-4D48-BE8A-28CB59DF0964}.Debug|Any CPU.Build.0 = Debug|Any CPU
		{7FB87A7B-D847-4D48-BE8A-28CB59DF0964}.Release|Any CPU.ActiveCfg = Release|Any CPU
		{7FB87A7B-D847-4D48-BE8A-28CB59DF0964}.Release|Any CPU.Build.0 = Release|Any CPU
		{DDE40E59-49F4-40E4-93DF-4DAC8A03A38E}.Debug|Any CPU.ActiveCfg = Debug|Any CPU
		{DDE40E59-49F4-40E4-93DF-4DAC8A03A38E}.Debug|Any CPU.Build.0 = Debug|Any CPU
		{DDE40E59-49F4-40E4-93DF-4DAC8A03A38E}.Release|Any CPU.ActiveCfg = Release|Any CPU
		{DDE40E59-49F4-40E4-93DF-4DAC8A03A38E}.Release|Any CPU.Build.0 = Release|Any CPU
	EndGlobalSection
	GlobalSection(SolutionProperties) = preSolution
		HideSolutionNode = FALSE
	EndGlobalSection
	GlobalSection(NestedProjects) = preSolution
		{748DD442-46A0-4B46-8AB0-0787F822C90B} = {2A8A13D8-4739-4C00-837C-F9B65413A26A}
		{4921516A-FFF5-4474-B4BD-6ECDDC77893D} = {2A8A13D8-4739-4C00-837C-F9B65413A26A}
		{5D10C723-1C66-40A7-A258-EA6B4C169AA0} = {2A8A13D8-4739-4C00-837C-F9B65413A26A}
		{51441B75-C7DD-418B-8AFE-2E063106E93E} = {2A8A13D8-4739-4C00-837C-F9B65413A26A}
		{E5536328-5DFD-41E9-9A69-132AF66FE550} = {2A8A13D8-4739-4C00-837C-F9B65413A26A}
		{CD397226-2DCA-4D52-B7A9-08204EE037F7} = {C7D73A04-7EAF-4EC4-B7ED-11D433FD9B31}
		{C98F511A-0782-4C23-8677-B48A009D7E8F} = {43FCDD10-3DEA-4F76-8C36-749ABCAEC4A6}
		{A1C95853-53E4-42AE-B435-2483A52E1DA0} = {43FCDD10-3DEA-4F76-8C36-749ABCAEC4A6}
		{7FB87A7B-D847-4D48-BE8A-28CB59DF0964} = {5AF06691-1623-4DD7-A911-0EA0C279CAC6}
		{DDE40E59-49F4-40E4-93DF-4DAC8A03A38E} = {5AF06691-1623-4DD7-A911-0EA0C279CAC6}
	EndGlobalSection
	GlobalSection(ExtensibilityGlobals) = postSolution
		SolutionGuid = {F1ACF96E-4CB9-4949-A5AA-2E774DD5D131}
	EndGlobalSection
EndGlobal
